// !$*UTF8*$!
{
	archiveVersion = 1;
	classes = {
	};
	objectVersion = 56;
	objects = {

/* Begin PBXBuildFile section */
		9DFBC2FE2ADB9913004B3D67 /* ShoppingCartApp.swift in Sources */ = {isa = PBXBuildFile; fileRef = 9DFBC2FD2ADB9913004B3D67 /* ShoppingCartApp.swift */; };
		9DFBC3022ADB9913004B3D67 /* Item.swift in Sources */ = {isa = PBXBuildFile; fileRef = 9DFBC3012ADB9913004B3D67 /* Item.swift */; };
		9DFBC3042ADB9914004B3D67 /* Assets.xcassets in Resources */ = {isa = PBXBuildFile; fileRef = 9DFBC3032ADB9914004B3D67 /* Assets.xcassets */; };
		9DFBC3072ADB9914004B3D67 /* Preview Assets.xcassets in Resources */ = {isa = PBXBuildFile; fileRef = 9DFBC3062ADB9914004B3D67 /* Preview Assets.xcassets */; };
		9DFBC30E2ADB9964004B3D67 /* ItemsView.swift in Sources */ = {isa = PBXBuildFile; fileRef = 9DFBC30D2ADB9964004B3D67 /* ItemsView.swift */; };
		9DFBC3102ADB9F47004B3D67 /* Colors.xcassets in Resources */ = {isa = PBXBuildFile; fileRef = 9DFBC30F2ADB9F47004B3D67 /* Colors.xcassets */; };
		9DFBC3142ADBA2E0004B3D67 /* ItemView.swift in Sources */ = {isa = PBXBuildFile; fileRef = 9DFBC3132ADBA2E0004B3D67 /* ItemView.swift */; };
		9DFBC3162ADBAA64004B3D67 /* CartView.swift in Sources */ = {isa = PBXBuildFile; fileRef = 9DFBC3152ADBAA64004B3D67 /* CartView.swift */; };
		9DFBC31A2ADBB42A004B3D67 /* ItemDetailView.swift in Sources */ = {isa = PBXBuildFile; fileRef = 9DFBC3192ADBB42A004B3D67 /* ItemDetailView.swift */; };
		9DFBC31C2ADBB61D004B3D67 /* CloseButton.swift in Sources */ = {isa = PBXBuildFile; fileRef = 9DFBC31B2ADBB61D004B3D67 /* CloseButton.swift */; };
		9DFBC31F2ADBBFAB004B3D67 /* ItemsViewModel.swift in Sources */ = {isa = PBXBuildFile; fileRef = 9DFBC31E2ADBBFAB004B3D67 /* ItemsViewModel.swift */; };
		9DFBC3212ADBC45D004B3D67 /* AsyncImageView.swift in Sources */ = {isa = PBXBuildFile; fileRef = 9DFBC3202ADBC45D004B3D67 /* AsyncImageView.swift */; };
/* End PBXBuildFile section */

/* Begin PBXFileReference section */
		9DFBC2FA2ADB9913004B3D67 /* ShoppingCart.app */ = {isa = PBXFileReference; explicitFileType = wrapper.application; includeInIndex = 0; path = ShoppingCart.app; sourceTree = BUILT_PRODUCTS_DIR; };
		9DFBC2FD2ADB9913004B3D67 /* ShoppingCartApp.swift */ = {isa = PBXFileReference; lastKnownFileType = sourcecode.swift; path = ShoppingCartApp.swift; sourceTree = "<group>"; };
		9DFBC3012ADB9913004B3D67 /* Item.swift */ = {isa = PBXFileReference; lastKnownFileType = sourcecode.swift; path = Item.swift; sourceTree = "<group>"; };
		9DFBC3032ADB9914004B3D67 /* Assets.xcassets */ = {isa = PBXFileReference; lastKnownFileType = folder.assetcatalog; path = Assets.xcassets; sourceTree = "<group>"; };
		9DFBC3062ADB9914004B3D67 /* Preview Assets.xcassets */ = {isa = PBXFileReference; lastKnownFileType = folder.assetcatalog; path = "Preview Assets.xcassets"; sourceTree = "<group>"; };
		9DFBC30D2ADB9964004B3D67 /* ItemsView.swift */ = {isa = PBXFileReference; lastKnownFileType = sourcecode.swift; path = ItemsView.swift; sourceTree = "<group>"; };
		9DFBC30F2ADB9F47004B3D67 /* Colors.xcassets */ = {isa = PBXFileReference; lastKnownFileType = folder.assetcatalog; path = Colors.xcassets; sourceTree = "<group>"; };
		9DFBC3132ADBA2E0004B3D67 /* ItemView.swift */ = {isa = PBXFileReference; lastKnownFileType = sourcecode.swift; path = ItemView.swift; sourceTree = "<group>"; };
		9DFBC3152ADBAA64004B3D67 /* CartView.swift */ = {isa = PBXFileReference; lastKnownFileType = sourcecode.swift; path = CartView.swift; sourceTree = "<group>"; };
		9DFBC3192ADBB42A004B3D67 /* ItemDetailView.swift */ = {isa = PBXFileReference; lastKnownFileType = sourcecode.swift; path = ItemDetailView.swift; sourceTree = "<group>"; };
		9DFBC31B2ADBB61D004B3D67 /* CloseButton.swift */ = {isa = PBXFileReference; lastKnownFileType = sourcecode.swift; path = CloseButton.swift; sourceTree = "<group>"; };
		9DFBC31E2ADBBFAB004B3D67 /* ItemsViewModel.swift */ = {isa = PBXFileReference; lastKnownFileType = sourcecode.swift; path = ItemsViewModel.swift; sourceTree = "<group>"; };
		9DFBC3202ADBC45D004B3D67 /* AsyncImageView.swift */ = {isa = PBXFileReference; lastKnownFileType = sourcecode.swift; path = AsyncImageView.swift; sourceTree = "<group>"; };
/* End PBXFileReference section */

/* Begin PBXFrameworksBuildPhase section */
		9DFBC2F72ADB9913004B3D67 /* Frameworks */ = {
			isa = PBXFrameworksBuildPhase;
			buildActionMask = 2147483647;
			files = (
			);
			runOnlyForDeploymentPostprocessing = 0;
		};
/* End PBXFrameworksBuildPhase section */

/* Begin PBXGroup section */
		9DFBC2F12ADB9913004B3D67 = {
			isa = PBXGroup;
			children = (
				9DFBC2FC2ADB9913004B3D67 /* ShoppingCart */,
				9DFBC2FB2ADB9913004B3D67 /* Products */,
			);
			sourceTree = "<group>";
		};
		9DFBC2FB2ADB9913004B3D67 /* Products */ = {
			isa = PBXGroup;
			children = (
				9DFBC2FA2ADB9913004B3D67 /* ShoppingCart.app */,
			);
			name = Products;
			sourceTree = "<group>";
		};
		9DFBC2FC2ADB9913004B3D67 /* ShoppingCart */ = {
			isa = PBXGroup;
			children = (
				9DFBC2FD2ADB9913004B3D67 /* ShoppingCartApp.swift */,
				9DFBC3222ADC52FF004B3D67 /* Assets */,
				9DFBC3112ADBA29F004B3D67 /* Views */,
				9DFBC31D2ADBBFA2004B3D67 /* ViewModels */,
				9DFBC3232ADC532B004B3D67 /* Models */,
				9DFBC3052ADB9914004B3D67 /* Preview Content */,
			);
			path = ShoppingCart;
			sourceTree = "<group>";
		};
		9DFBC3052ADB9914004B3D67 /* Preview Content */ = {
			isa = PBXGroup;
			children = (
				9DFBC3062ADB9914004B3D67 /* Preview Assets.xcassets */,
			);
			path = "Preview Content";
			sourceTree = "<group>";
		};
		9DFBC3112ADBA29F004B3D67 /* Views */ = {
			isa = PBXGroup;
			children = (
				9DFBC3122ADBA2A7004B3D67 /* Subviews */,
				9DFBC30D2ADB9964004B3D67 /* ItemsView.swift */,
				9DFBC3152ADBAA64004B3D67 /* CartView.swift */,
				9DFBC3192ADBB42A004B3D67 /* ItemDetailView.swift */,
			);
			path = Views;
			sourceTree = "<group>";
		};
		9DFBC3122ADBA2A7004B3D67 /* Subviews */ = {
			isa = PBXGroup;
			children = (
				9DFBC3132ADBA2E0004B3D67 /* ItemView.swift */,
				9DFBC31B2ADBB61D004B3D67 /* CloseButton.swift */,
				9DFBC3202ADBC45D004B3D67 /* AsyncImageView.swift */,
			);
			path = Subviews;
			sourceTree = "<group>";
		};
		9DFBC31D2ADBBFA2004B3D67 /* ViewModels */ = {
			isa = PBXGroup;
			children = (
				9DFBC31E2ADBBFAB004B3D67 /* ItemsViewModel.swift */,
			);
			path = ViewModels;
			sourceTree = "<group>";
		};
		9DFBC3222ADC52FF004B3D67 /* Assets */ = {
			isa = PBXGroup;
			children = (
				9DFBC30F2ADB9F47004B3D67 /* Colors.xcassets */,
				9DFBC3032ADB9914004B3D67 /* Assets.xcassets */,
			);
			path = Assets;
			sourceTree = "<group>";
		};
		9DFBC3232ADC532B004B3D67 /* Models */ = {
			isa = PBXGroup;
			children = (
				9DFBC3012ADB9913004B3D67 /* Item.swift */,
			);
			path = Models;
			sourceTree = "<group>";
		};
/* End PBXGroup section */

/* Begin PBXNativeTarget section */
		9DFBC2F92ADB9913004B3D67 /* ShoppingCart */ = {
			isa = PBXNativeTarget;
			buildConfigurationList = 9DFBC30A2ADB9914004B3D67 /* Build configuration list for PBXNativeTarget "ShoppingCart" */;
			buildPhases = (
				9DFBC2F62ADB9913004B3D67 /* Sources */,
				9DFBC2F72ADB9913004B3D67 /* Frameworks */,
				9DFBC2F82ADB9913004B3D67 /* Resources */,
			);
			buildRules = (
			);
			dependencies = (
			);
			name = ShoppingCart;
			productName = ShoppingCart;
			productReference = 9DFBC2FA2ADB9913004B3D67 /* ShoppingCart.app */;
			productType = "com.apple.product-type.application";
		};
/* End PBXNativeTarget section */

/* Begin PBXProject section */
		9DFBC2F22ADB9913004B3D67 /* Project object */ = {
			isa = PBXProject;
			attributes = {
				BuildIndependentTargetsInParallel = 1;
				LastSwiftUpdateCheck = 1500;
				LastUpgradeCheck = 1500;
				TargetAttributes = {
					9DFBC2F92ADB9913004B3D67 = {
						CreatedOnToolsVersion = 15.0;
					};
				};
			};
			buildConfigurationList = 9DFBC2F52ADB9913004B3D67 /* Build configuration list for PBXProject "ShoppingCart" */;
			compatibilityVersion = "Xcode 14.0";
			developmentRegion = en;
			hasScannedForEncodings = 0;
			knownRegions = (
				en,
				Base,
			);
			mainGroup = 9DFBC2F12ADB9913004B3D67;
			productRefGroup = 9DFBC2FB2ADB9913004B3D67 /* Products */;
			projectDirPath = "";
			projectRoot = "";
			targets = (
				9DFBC2F92ADB9913004B3D67 /* ShoppingCart */,
			);
		};
/* End PBXProject section */

/* Begin PBXResourcesBuildPhase section */
		9DFBC2F82ADB9913004B3D67 /* Resources */ = {
			isa = PBXResourcesBuildPhase;
			buildActionMask = 2147483647;
			files = (
				9DFBC3102ADB9F47004B3D67 /* Colors.xcassets in Resources */,
				9DFBC3072ADB9914004B3D67 /* Preview Assets.xcassets in Resources */,
				9DFBC3042ADB9914004B3D67 /* Assets.xcassets in Resources */,
			);
			runOnlyForDeploymentPostprocessing = 0;
		};
/* End PBXResourcesBuildPhase section */

/* Begin PBXSourcesBuildPhase section */
		9DFBC2F62ADB9913004B3D67 /* Sources */ = {
			isa = PBXSourcesBuildPhase;
			buildActionMask = 2147483647;
			files = (
				9DFBC3162ADBAA64004B3D67 /* CartView.swift in Sources */,
				9DFBC31A2ADBB42A004B3D67 /* ItemDetailView.swift in Sources */,
				9DFBC3022ADB9913004B3D67 /* Item.swift in Sources */,
				9DFBC3212ADBC45D004B3D67 /* AsyncImageView.swift in Sources */,
				9DFBC2FE2ADB9913004B3D67 /* ShoppingCartApp.swift in Sources */,
				9DFBC3142ADBA2E0004B3D67 /* ItemView.swift in Sources */,
				9DFBC31C2ADBB61D004B3D67 /* CloseButton.swift in Sources */,
				9DFBC30E2ADB9964004B3D67 /* ItemsView.swift in Sources */,
				9DFBC31F2ADBBFAB004B3D67 /* ItemsViewModel.swift in Sources */,
			);
			runOnlyForDeploymentPostprocessing = 0;
		};
/* End PBXSourcesBuildPhase section */

/* Begin XCBuildConfiguration section */
		9DFBC3082ADB9914004B3D67 /* Debug */ = {
			isa = XCBuildConfiguration;
			buildSettings = {
				ALWAYS_SEARCH_USER_PATHS = NO;
				ASSETCATALOG_COMPILER_GENERATE_SWIFT_ASSET_SYMBOL_EXTENSIONS = YES;
				CLANG_ANALYZER_NONNULL = YES;
				CLANG_ANALYZER_NUMBER_OBJECT_CONVERSION = YES_AGGRESSIVE;
				CLANG_CXX_LANGUAGE_STANDARD = "gnu++20";
				CLANG_ENABLE_MODULES = YES;
				CLANG_ENABLE_OBJC_ARC = YES;
				CLANG_ENABLE_OBJC_WEAK = YES;
				CLANG_WARN_BLOCK_CAPTURE_AUTORELEASING = YES;
				CLANG_WARN_BOOL_CONVERSION = YES;
				CLANG_WARN_COMMA = YES;
				CLANG_WARN_CONSTANT_CONVERSION = YES;
				CLANG_WARN_DEPRECATED_OBJC_IMPLEMENTATIONS = YES;
				CLANG_WARN_DIRECT_OBJC_ISA_USAGE = YES_ERROR;
				CLANG_WARN_DOCUMENTATION_COMMENTS = YES;
				CLANG_WARN_EMPTY_BODY = YES;
				CLANG_WARN_ENUM_CONVERSION = YES;
				CLANG_WARN_INFINITE_RECURSION = YES;
				CLANG_WARN_INT_CONVERSION = YES;
				CLANG_WARN_NON_LITERAL_NULL_CONVERSION = YES;
				CLANG_WARN_OBJC_IMPLICIT_RETAIN_SELF = YES;
				CLANG_WARN_OBJC_LITERAL_CONVERSION = YES;
				CLANG_WARN_OBJC_ROOT_CLASS = YES_ERROR;
				CLANG_WARN_QUOTED_INCLUDE_IN_FRAMEWORK_HEADER = YES;
				CLANG_WARN_RANGE_LOOP_ANALYSIS = YES;
				CLANG_WARN_STRICT_PROTOTYPES = YES;
				CLANG_WARN_SUSPICIOUS_MOVE = YES;
				CLANG_WARN_UNGUARDED_AVAILABILITY = YES_AGGRESSIVE;
				CLANG_WARN_UNREACHABLE_CODE = YES;
				CLANG_WARN__DUPLICATE_METHOD_MATCH = YES;
				COPY_PHASE_STRIP = NO;
				DEBUG_INFORMATION_FORMAT = dwarf;
				ENABLE_STRICT_OBJC_MSGSEND = YES;
				ENABLE_TESTABILITY = YES;
				ENABLE_USER_SCRIPT_SANDBOXING = YES;
				GCC_C_LANGUAGE_STANDARD = gnu17;
				GCC_DYNAMIC_NO_PIC = NO;
				GCC_NO_COMMON_BLOCKS = YES;
				GCC_OPTIMIZATION_LEVEL = 0;
				GCC_PREPROCESSOR_DEFINITIONS = (
					"DEBUG=1",
					"$(inherited)",
				);
				GCC_WARN_64_TO_32_BIT_CONVERSION = YES;
				GCC_WARN_ABOUT_RETURN_TYPE = YES_ERROR;
				GCC_WARN_UNDECLARED_SELECTOR = YES;
				GCC_WARN_UNINITIALIZED_AUTOS = YES_AGGRESSIVE;
				GCC_WARN_UNUSED_FUNCTION = YES;
				GCC_WARN_UNUSED_VARIABLE = YES;
				IPHONEOS_DEPLOYMENT_TARGET = 17.0;
				LOCALIZATION_PREFERS_STRING_CATALOGS = YES;
				MTL_ENABLE_DEBUG_INFO = INCLUDE_SOURCE;
				MTL_FAST_MATH = YES;
				ONLY_ACTIVE_ARCH = YES;
				SDKROOT = iphoneos;
				SWIFT_ACTIVE_COMPILATION_CONDITIONS = "DEBUG $(inherited)";
				SWIFT_OPTIMIZATION_LEVEL = "-Onone";
			};
			name = Debug;
		};
		9DFBC3092ADB9914004B3D67 /* Release */ = {
			isa = XCBuildConfiguration;
			buildSettings = {
				ALWAYS_SEARCH_USER_PATHS = NO;
				ASSETCATALOG_COMPILER_GENERATE_SWIFT_ASSET_SYMBOL_EXTENSIONS = YES;
				CLANG_ANALYZER_NONNULL = YES;
				CLANG_ANALYZER_NUMBER_OBJECT_CONVERSION = YES_AGGRESSIVE;
				CLANG_CXX_LANGUAGE_STANDARD = "gnu++20";
				CLANG_ENABLE_MODULES = YES;
				CLANG_ENABLE_OBJC_ARC = YES;
				CLANG_ENABLE_OBJC_WEAK = YES;
				CLANG_WARN_BLOCK_CAPTURE_AUTORELEASING = YES;
				CLANG_WARN_BOOL_CONVERSION = YES;
				CLANG_WARN_COMMA = YES;
				CLANG_WARN_CONSTANT_CONVERSION = YES;
				CLANG_WARN_DEPRECATED_OBJC_IMPLEMENTATIONS = YES;
				CLANG_WARN_DIRECT_OBJC_ISA_USAGE = YES_ERROR;
				CLANG_WARN_DOCUMENTATION_COMMENTS = YES;
				CLANG_WARN_EMPTY_BODY = YES;
				CLANG_WARN_ENUM_CONVERSION = YES;
				CLANG_WARN_INFINITE_RECURSION = YES;
				CLANG_WARN_INT_CONVERSION = YES;
				CLANG_WARN_NON_LITERAL_NULL_CONVERSION = YES;
				CLANG_WARN_OBJC_IMPLICIT_RETAIN_SELF = YES;
				CLANG_WARN_OBJC_LITERAL_CONVERSION = YES;
				CLANG_WARN_OBJC_ROOT_CLASS = YES_ERROR;
				CLANG_WARN_QUOTED_INCLUDE_IN_FRAMEWORK_HEADER = YES;
				CLANG_WARN_RANGE_LOOP_ANALYSIS = YES;
				CLANG_WARN_STRICT_PROTOTYPES = YES;
				CLANG_WARN_SUSPICIOUS_MOVE = YES;
				CLANG_WARN_UNGUARDED_AVAILABILITY = YES_AGGRESSIVE;
				CLANG_WARN_UNREACHABLE_CODE = YES;
				CLANG_WARN__DUPLICATE_METHOD_MATCH = YES;
				COPY_PHASE_STRIP = NO;
				DEBUG_INFORMATION_FORMAT = "dwarf-with-dsym";
				ENABLE_NS_ASSERTIONS = NO;
				ENABLE_STRICT_OBJC_MSGSEND = YES;
				ENABLE_USER_SCRIPT_SANDBOXING = YES;
				GCC_C_LANGUAGE_STANDARD = gnu17;
				GCC_NO_COMMON_BLOCKS = YES;
				GCC_WARN_64_TO_32_BIT_CONVERSION = YES;
				GCC_WARN_ABOUT_RETURN_TYPE = YES_ERROR;
				GCC_WARN_UNDECLARED_SELECTOR = YES;
				GCC_WARN_UNINITIALIZED_AUTOS = YES_AGGRESSIVE;
				GCC_WARN_UNUSED_FUNCTION = YES;
				GCC_WARN_UNUSED_VARIABLE = YES;
				IPHONEOS_DEPLOYMENT_TARGET = 17.0;
				LOCALIZATION_PREFERS_STRING_CATALOGS = YES;
				MTL_ENABLE_DEBUG_INFO = NO;
				MTL_FAST_MATH = YES;
				SDKROOT = iphoneos;
				SWIFT_COMPILATION_MODE = wholemodule;
				VALIDATE_PRODUCT = YES;
			};
			name = Release;
		};
		9DFBC30B2ADB9914004B3D67 /* Debug */ = {
			isa = XCBuildConfiguration;
			buildSettings = {
				ASSETCATALOG_COMPILER_APPICON_NAME = AppIcon;
				ASSETCATALOG_COMPILER_GLOBAL_ACCENT_COLOR_NAME = AccentColor;
				CODE_SIGN_STYLE = Automatic;
				CURRENT_PROJECT_VERSION = 1;
				DEVELOPMENT_ASSET_PATHS = "\"ShoppingCart/Preview Content\"";
				DEVELOPMENT_TEAM = 2Q98QR786J;
				ENABLE_PREVIEWS = YES;
				GENERATE_INFOPLIST_FILE = YES;
				INFOPLIST_KEY_UIApplicationSceneManifest_Generation = YES;
				INFOPLIST_KEY_UIApplicationSupportsIndirectInputEvents = YES;
				INFOPLIST_KEY_UILaunchScreen_Generation = YES;
				INFOPLIST_KEY_UISupportedInterfaceOrientations_iPad = "UIInterfaceOrientationPortrait UIInterfaceOrientationPortraitUpsideDown UIInterfaceOrientationLandscapeLeft UIInterfaceOrientationLandscapeRight";
				INFOPLIST_KEY_UISupportedInterfaceOrientations_iPhone = "UIInterfaceOrientationPortrait UIInterfaceOrientationLandscapeLeft UIInterfaceOrientationLandscapeRight";
				LD_RUNPATH_SEARCH_PATHS = (
					"$(inherited)",
					"@executable_path/Frameworks",
				);
				MARKETING_VERSION = 1.0;
				PRODUCT_BUNDLE_IDENTIFIER = com.devror.playground.ShoppingCart;
				PRODUCT_NAME = "$(TARGET_NAME)";
				SUPPORTED_PLATFORMS = "iphoneos iphonesimulator";
				SUPPORTS_MACCATALYST = NO;
				SUPPORTS_MAC_DESIGNED_FOR_IPHONE_IPAD = NO;
				SWIFT_EMIT_LOC_STRINGS = YES;
				SWIFT_VERSION = 5.0;
				TARGETED_DEVICE_FAMILY = 2;
			};
			name = Debug;
		};
		9DFBC30C2ADB9914004B3D67 /* Release */ = {
			isa = XCBuildConfiguration;
			buildSettings = {
				ASSETCATALOG_COMPILER_APPICON_NAME = AppIcon;
				ASSETCATALOG_COMPILER_GLOBAL_ACCENT_COLOR_NAME = AccentColor;
				CODE_SIGN_STYLE = Automatic;
				CURRENT_PROJECT_VERSION = 1;
				DEVELOPMENT_ASSET_PATHS = "\"ShoppingCart/Preview Content\"";
				DEVELOPMENT_TEAM = 2Q98QR786J;
				ENABLE_PREVIEWS = YES;
				GENERATE_INFOPLIST_FILE = YES;
				INFOPLIST_KEY_UIApplicationSceneManifest_Generation = YES;
				INFOPLIST_KEY_UIApplicationSupportsIndirectInputEvents = YES;
				INFOPLIST_KEY_UILaunchScreen_Generation = YES;
				INFOPLIST_KEY_UISupportedInterfaceOrientations_iPad = "UIInterfaceOrientationPortrait UIInterfaceOrientationPortraitUpsideDown UIInterfaceOrientationLandscapeLeft UIInterfaceOrientationLandscapeRight";
				INFOPLIST_KEY_UISupportedInterfaceOrientations_iPhone = "UIInterfaceOrientationPortrait UIInterfaceOrientationLandscapeLeft UIInterfaceOrientationLandscapeRight";
				LD_RUNPATH_SEARCH_PATHS = (
					"$(inherited)",
					"@executable_path/Frameworks",
				);
				MARKETING_VERSION = 1.0;
				PRODUCT_BUNDLE_IDENTIFIER = com.devror.playground.ShoppingCart;
				PRODUCT_NAME = "$(TARGET_NAME)";
				SUPPORTED_PLATFORMS = "iphoneos iphonesimulator";
				SUPPORTS_MACCATALYST = NO;
				SUPPORTS_MAC_DESIGNED_FOR_IPHONE_IPAD = NO;
				SWIFT_EMIT_LOC_STRINGS = YES;
				SWIFT_VERSION = 5.0;
				TARGETED_DEVICE_FAMILY = 2;
			};
			name = Release;
		};
/* End XCBuildConfiguration section */

/* Begin XCConfigurationList section */
		9DFBC2F52ADB9913004B3D67 /* Build configuration list for PBXProject "ShoppingCart" */ = {
			isa = XCConfigurationList;
			buildConfigurations = (
				9DFBC3082ADB9914004B3D67 /* Debug */,
				9DFBC3092ADB9914004B3D67 /* Release */,
			);
			defaultConfigurationIsVisible = 0;
			defaultConfigurationName = Release;
		};
		9DFBC30A2ADB9914004B3D67 /* Build configuration list for PBXNativeTarget "ShoppingCart" */ = {
			isa = XCConfigurationList;
			buildConfigurations = (
				9DFBC30B2ADB9914004B3D67 /* Debug */,
				9DFBC30C2ADB9914004B3D67 /* Release */,
			);
			defaultConfigurationIsVisible = 0;
			defaultConfigurationName = Release;
		};
/* End XCConfigurationList section */
	};
	rootObject = 9DFBC2F22ADB9913004B3D67 /* Project object */;
}
